
Microsoft Visual Studio Solution File, Format Version 12.00
# Visual Studio 14
VisualStudioVersion = 14.0.25420.1
MinimumVisualStudioVersion = 10.0.40219.1
Project("{FAE04EC0-301F-11D3-BF4B-00C04F79EFBC}") = "laserScada", "laserScada\laserScada.csproj", "{FA0C263B-CCE3-43C6-82A4-A677DD5FB112}"
EndProject
Project("{FAE04EC0-301F-11D3-BF4B-00C04F79EFBC}") = "sharp7", "sharp7\sharp7.csproj", "{9CBAA2A1-4622-4FFB-93C3-A6E44ED566BD}"
EndProject
Global
	GlobalSection(SolutionConfigurationPlatforms) = preSolution
		Debug|Any CPU = Debug|Any CPU
		Release|Any CPU = Release|Any CPU
	EndGlobalSection
	GlobalSection(ProjectConfigurationPlatforms) = postSolution
		{FA0C263B-CCE3-43C6-82A4-A677DD5FB112}.Debug|Any CPU.ActiveCfg = Debug|Any CPU
		{FA0C263B-CCE3-43C6-82A4-A677DD5FB112}.Debug|Any CPU.Build.0 = Debug|Any CPU
		{FA0C263B-CCE3-43C6-82A4-A677DD5FB112}.Release|Any CPU.ActiveCfg = Release|Any CPU
		{FA0C263B-CCE3-43C6-82A4-A677DD5FB112}.Release|Any CPU.Build.0 = Release|Any CPU
		{9CBAA2A1-4622-4FFB-93C3-A6E44ED566BD}.Debug|Any CPU.ActiveCfg = Debug|Any CPU
		{9CBAA2A1-4622-4FFB-93C3-A6E44ED566BD}.Debug|Any CPU.Build.0 = Debug|Any CPU
		{9CBAA2A1-4622-4FFB-93C3-A6E44ED566BD}.Release|Any CPU.ActiveCfg = Release|Any CPU
		{9CBAA2A1-4622-4FFB-93C3-A6E44ED566BD}.Release|Any CPU.Build.0 = Release|Any CPU
	EndGlobalSection
	GlobalSection(SolutionProperties) = preSolution
		HideSolutionNode = FALSE
	EndGlobalSection
EndGlobal
