
Microsoft Visual Studio Solution File, Format Version 12.00
# Visual Studio 14
VisualStudioVersion = 14.0.25420.1
MinimumVisualStudioVersion = 10.0.40219.1
Project("{FAE04EC0-301F-11D3-BF4B-00C04F79EFBC}") = "laserScada", "laserScada\laserScada.csproj", "{FA0C263B-CCE3-43C6-82A4-A677DD5FB112}"
EndProject
Project("{FAE04EC0-301F-11D3-BF4B-00C04F79EFBC}") = "sharp7", "sharp7\sharp7.csproj", "{9CBAA2A1-4622-4FFB-93C3-A6E44ED566BD}"
EndProject
Project("{FAE04EC0-301F-11D3-BF4B-00C04F79EFBC}") = "ClassLibrary1", "ClassLibrary1\ClassLibrary1\ClassLibrary1.csproj", "{3A0087CE-ED9C-4618-B921-9FFFD5E504AA}"
EndProject
Project("{FAE04EC0-301F-11D3-BF4B-00C04F79EFBC}") = "LedControl", "Led Wpf\WpfLed\LedControl.csproj", "{6EC6EE95-A083-4B6D-99C2-FC9EE17BF399}"
EndProject
Project("{FAE04EC0-301F-11D3-BF4B-00C04F79EFBC}") = "LedTest", "Led Wpf\WpfLed\LedTest.csproj", "{D82AE168-F4ED-42B4-966B-2AB7F6940E0C}"
EndProject
Project("{6141683F-8A12-4E36-9623-2EB02B2C2303}") = "Setup3", "Setup3\Setup3.isproj", "{7B25213C-E286-4AB0-B519-1C04435F4E27}"
EndProject
Project("{6141683F-8A12-4E36-9623-2EB02B2C2303}") = "Setup4", "Setup4\Setup4.isproj", "{8A4E61A8-F169-4ED2-B503-0A68BCF995AA}"
EndProject
Global
	GlobalSection(SolutionConfigurationPlatforms) = preSolution
		CD_ROM|Any CPU = CD_ROM|Any CPU
		CD_ROM|x86 = CD_ROM|x86
		Debug|Any CPU = Debug|Any CPU
		Debug|x86 = Debug|x86
		DVD-5|Any CPU = DVD-5|Any CPU
		DVD-5|x86 = DVD-5|x86
		Release|Any CPU = Release|Any CPU
		Release|x86 = Release|x86
		SingleImage|Any CPU = SingleImage|Any CPU
		SingleImage|x86 = SingleImage|x86
	EndGlobalSection
	GlobalSection(ProjectConfigurationPlatforms) = postSolution
		{FA0C263B-CCE3-43C6-82A4-A677DD5FB112}.CD_ROM|Any CPU.ActiveCfg = Release|Any CPU
		{FA0C263B-CCE3-43C6-82A4-A677DD5FB112}.CD_ROM|Any CPU.Build.0 = Release|Any CPU
		{FA0C263B-CCE3-43C6-82A4-A677DD5FB112}.CD_ROM|x86.ActiveCfg = Release|Any CPU
		{FA0C263B-CCE3-43C6-82A4-A677DD5FB112}.CD_ROM|x86.Build.0 = Release|Any CPU
		{FA0C263B-CCE3-43C6-82A4-A677DD5FB112}.Debug|Any CPU.ActiveCfg = Debug|Any CPU
		{FA0C263B-CCE3-43C6-82A4-A677DD5FB112}.Debug|Any CPU.Build.0 = Debug|Any CPU
		{FA0C263B-CCE3-43C6-82A4-A677DD5FB112}.Debug|x86.ActiveCfg = Debug|Any CPU
		{FA0C263B-CCE3-43C6-82A4-A677DD5FB112}.Debug|x86.Build.0 = Debug|Any CPU
		{FA0C263B-CCE3-43C6-82A4-A677DD5FB112}.DVD-5|Any CPU.ActiveCfg = Debug|Any CPU
		{FA0C263B-CCE3-43C6-82A4-A677DD5FB112}.DVD-5|Any CPU.Build.0 = Debug|Any CPU
		{FA0C263B-CCE3-43C6-82A4-A677DD5FB112}.DVD-5|x86.ActiveCfg = Debug|Any CPU
		{FA0C263B-CCE3-43C6-82A4-A677DD5FB112}.DVD-5|x86.Build.0 = Debug|Any CPU
		{FA0C263B-CCE3-43C6-82A4-A677DD5FB112}.Release|Any CPU.ActiveCfg = Release|Any CPU
		{FA0C263B-CCE3-43C6-82A4-A677DD5FB112}.Release|Any CPU.Build.0 = Release|Any CPU
		{FA0C263B-CCE3-43C6-82A4-A677DD5FB112}.Release|x86.ActiveCfg = Release|Any CPU
		{FA0C263B-CCE3-43C6-82A4-A677DD5FB112}.Release|x86.Build.0 = Release|Any CPU
		{FA0C263B-CCE3-43C6-82A4-A677DD5FB112}.SingleImage|Any CPU.ActiveCfg = Release|Any CPU
		{FA0C263B-CCE3-43C6-82A4-A677DD5FB112}.SingleImage|Any CPU.Build.0 = Release|Any CPU
		{FA0C263B-CCE3-43C6-82A4-A677DD5FB112}.SingleImage|x86.ActiveCfg = Release|Any CPU
		{FA0C263B-CCE3-43C6-82A4-A677DD5FB112}.SingleImage|x86.Build.0 = Release|Any CPU
		{9CBAA2A1-4622-4FFB-93C3-A6E44ED566BD}.CD_ROM|Any CPU.ActiveCfg = Release|Any CPU
		{9CBAA2A1-4622-4FFB-93C3-A6E44ED566BD}.CD_ROM|Any CPU.Build.0 = Release|Any CPU
		{9CBAA2A1-4622-4FFB-93C3-A6E44ED566BD}.CD_ROM|x86.ActiveCfg = Release|Any CPU
		{9CBAA2A1-4622-4FFB-93C3-A6E44ED566BD}.CD_ROM|x86.Build.0 = Release|Any CPU
		{9CBAA2A1-4622-4FFB-93C3-A6E44ED566BD}.Debug|Any CPU.ActiveCfg = Debug|Any CPU
		{9CBAA2A1-4622-4FFB-93C3-A6E44ED566BD}.Debug|Any CPU.Build.0 = Debug|Any CPU
		{9CBAA2A1-4622-4FFB-93C3-A6E44ED566BD}.Debug|x86.ActiveCfg = Debug|Any CPU
		{9CBAA2A1-4622-4FFB-93C3-A6E44ED566BD}.Debug|x86.Build.0 = Debug|Any CPU
		{9CBAA2A1-4622-4FFB-93C3-A6E44ED566BD}.DVD-5|Any CPU.ActiveCfg = Debug|Any CPU
		{9CBAA2A1-4622-4FFB-93C3-A6E44ED566BD}.DVD-5|Any CPU.Build.0 = Debug|Any CPU
		{9CBAA2A1-4622-4FFB-93C3-A6E44ED566BD}.DVD-5|x86.ActiveCfg = Debug|Any CPU
		{9CBAA2A1-4622-4FFB-93C3-A6E44ED566BD}.DVD-5|x86.Build.0 = Debug|Any CPU
		{9CBAA2A1-4622-4FFB-93C3-A6E44ED566BD}.Release|Any CPU.ActiveCfg = Release|Any CPU
		{9CBAA2A1-4622-4FFB-93C3-A6E44ED566BD}.Release|Any CPU.Build.0 = Release|Any CPU
		{9CBAA2A1-4622-4FFB-93C3-A6E44ED566BD}.Release|x86.ActiveCfg = Release|Any CPU
		{9CBAA2A1-4622-4FFB-93C3-A6E44ED566BD}.Release|x86.Build.0 = Release|Any CPU
		{9CBAA2A1-4622-4FFB-93C3-A6E44ED566BD}.SingleImage|Any CPU.ActiveCfg = Release|Any CPU
		{9CBAA2A1-4622-4FFB-93C3-A6E44ED566BD}.SingleImage|Any CPU.Build.0 = Release|Any CPU
		{9CBAA2A1-4622-4FFB-93C3-A6E44ED566BD}.SingleImage|x86.ActiveCfg = Release|Any CPU
		{9CBAA2A1-4622-4FFB-93C3-A6E44ED566BD}.SingleImage|x86.Build.0 = Release|Any CPU
		{3A0087CE-ED9C-4618-B921-9FFFD5E504AA}.CD_ROM|Any CPU.ActiveCfg = Release|Any CPU
		{3A0087CE-ED9C-4618-B921-9FFFD5E504AA}.CD_ROM|Any CPU.Build.0 = Release|Any CPU
		{3A0087CE-ED9C-4618-B921-9FFFD5E504AA}.CD_ROM|x86.ActiveCfg = Release|Any CPU
		{3A0087CE-ED9C-4618-B921-9FFFD5E504AA}.CD_ROM|x86.Build.0 = Release|Any CPU
		{3A0087CE-ED9C-4618-B921-9FFFD5E504AA}.Debug|Any CPU.ActiveCfg = Debug|Any CPU
		{3A0087CE-ED9C-4618-B921-9FFFD5E504AA}.Debug|Any CPU.Build.0 = Debug|Any CPU
		{3A0087CE-ED9C-4618-B921-9FFFD5E504AA}.Debug|x86.ActiveCfg = Debug|Any CPU
		{3A0087CE-ED9C-4618-B921-9FFFD5E504AA}.Debug|x86.Build.0 = Debug|Any CPU
		{3A0087CE-ED9C-4618-B921-9FFFD5E504AA}.DVD-5|Any CPU.ActiveCfg = Debug|Any CPU
		{3A0087CE-ED9C-4618-B921-9FFFD5E504AA}.DVD-5|Any CPU.Build.0 = Debug|Any CPU
		{3A0087CE-ED9C-4618-B921-9FFFD5E504AA}.DVD-5|x86.ActiveCfg = Debug|Any CPU
		{3A0087CE-ED9C-4618-B921-9FFFD5E504AA}.DVD-5|x86.Build.0 = Debug|Any CPU
		{3A0087CE-ED9C-4618-B921-9FFFD5E504AA}.Release|Any CPU.ActiveCfg = Release|Any CPU
		{3A0087CE-ED9C-4618-B921-9FFFD5E504AA}.Release|Any CPU.Build.0 = Release|Any CPU
		{3A0087CE-ED9C-4618-B921-9FFFD5E504AA}.Release|x86.ActiveCfg = Release|Any CPU
		{3A0087CE-ED9C-4618-B921-9FFFD5E504AA}.Release|x86.Build.0 = Release|Any CPU
		{3A0087CE-ED9C-4618-B921-9FFFD5E504AA}.SingleImage|Any CPU.ActiveCfg = Release|Any CPU
		{3A0087CE-ED9C-4618-B921-9FFFD5E504AA}.SingleImage|Any CPU.Build.0 = Release|Any CPU
		{3A0087CE-ED9C-4618-B921-9FFFD5E504AA}.SingleImage|x86.ActiveCfg = Release|Any CPU
		{3A0087CE-ED9C-4618-B921-9FFFD5E504AA}.SingleImage|x86.Build.0 = Release|Any CPU
		{6EC6EE95-A083-4B6D-99C2-FC9EE17BF399}.CD_ROM|Any CPU.ActiveCfg = Release|Any CPU
		{6EC6EE95-A083-4B6D-99C2-FC9EE17BF399}.CD_ROM|Any CPU.Build.0 = Release|Any CPU
		{6EC6EE95-A083-4B6D-99C2-FC9EE17BF399}.CD_ROM|x86.ActiveCfg = Release|Any CPU
		{6EC6EE95-A083-4B6D-99C2-FC9EE17BF399}.CD_ROM|x86.Build.0 = Release|Any CPU
		{6EC6EE95-A083-4B6D-99C2-FC9EE17BF399}.Debug|Any CPU.ActiveCfg = Debug|Any CPU
		{6EC6EE95-A083-4B6D-99C2-FC9EE17BF399}.Debug|Any CPU.Build.0 = Debug|Any CPU
		{6EC6EE95-A083-4B6D-99C2-FC9EE17BF399}.Debug|x86.ActiveCfg = Debug|Any CPU
		{6EC6EE95-A083-4B6D-99C2-FC9EE17BF399}.Debug|x86.Build.0 = Debug|Any CPU
		{6EC6EE95-A083-4B6D-99C2-FC9EE17BF399}.DVD-5|Any CPU.ActiveCfg = Debug|Any CPU
		{6EC6EE95-A083-4B6D-99C2-FC9EE17BF399}.DVD-5|Any CPU.Build.0 = Debug|Any CPU
		{6EC6EE95-A083-4B6D-99C2-FC9EE17BF399}.DVD-5|x86.ActiveCfg = Debug|Any CPU
		{6EC6EE95-A083-4B6D-99C2-FC9EE17BF399}.DVD-5|x86.Build.0 = Debug|Any CPU
		{6EC6EE95-A083-4B6D-99C2-FC9EE17BF399}.Release|Any CPU.ActiveCfg = Release|Any CPU
		{6EC6EE95-A083-4B6D-99C2-FC9EE17BF399}.Release|Any CPU.Build.0 = Release|Any CPU
		{6EC6EE95-A083-4B6D-99C2-FC9EE17BF399}.Release|x86.ActiveCfg = Release|Any CPU
		{6EC6EE95-A083-4B6D-99C2-FC9EE17BF399}.Release|x86.Build.0 = Release|Any CPU
		{6EC6EE95-A083-4B6D-99C2-FC9EE17BF399}.SingleImage|Any CPU.ActiveCfg = Release|Any CPU
		{6EC6EE95-A083-4B6D-99C2-FC9EE17BF399}.SingleImage|Any CPU.Build.0 = Release|Any CPU
		{6EC6EE95-A083-4B6D-99C2-FC9EE17BF399}.SingleImage|x86.ActiveCfg = Release|Any CPU
		{6EC6EE95-A083-4B6D-99C2-FC9EE17BF399}.SingleImage|x86.Build.0 = Release|Any CPU
		{D82AE168-F4ED-42B4-966B-2AB7F6940E0C}.CD_ROM|Any CPU.ActiveCfg = Release|x86
		{D82AE168-F4ED-42B4-966B-2AB7F6940E0C}.CD_ROM|Any CPU.Build.0 = Release|x86
		{D82AE168-F4ED-42B4-966B-2AB7F6940E0C}.CD_ROM|x86.ActiveCfg = Release|x86
		{D82AE168-F4ED-42B4-966B-2AB7F6940E0C}.CD_ROM|x86.Build.0 = Release|x86
		{D82AE168-F4ED-42B4-966B-2AB7F6940E0C}.Debug|Any CPU.ActiveCfg = Debug|x86
		{D82AE168-F4ED-42B4-966B-2AB7F6940E0C}.Debug|x86.ActiveCfg = Debug|x86
		{D82AE168-F4ED-42B4-966B-2AB7F6940E0C}.Debug|x86.Build.0 = Debug|x86
		{D82AE168-F4ED-42B4-966B-2AB7F6940E0C}.DVD-5|Any CPU.ActiveCfg = Release|x86
		{D82AE168-F4ED-42B4-966B-2AB7F6940E0C}.DVD-5|Any CPU.Build.0 = Release|x86
		{D82AE168-F4ED-42B4-966B-2AB7F6940E0C}.DVD-5|x86.ActiveCfg = Debug|x86
		{D82AE168-F4ED-42B4-966B-2AB7F6940E0C}.DVD-5|x86.Build.0 = Debug|x86
		{D82AE168-F4ED-42B4-966B-2AB7F6940E0C}.Release|Any CPU.ActiveCfg = Release|x86
		{D82AE168-F4ED-42B4-966B-2AB7F6940E0C}.Release|x86.ActiveCfg = Release|x86
		{D82AE168-F4ED-42B4-966B-2AB7F6940E0C}.Release|x86.Build.0 = Release|x86
		{D82AE168-F4ED-42B4-966B-2AB7F6940E0C}.SingleImage|Any CPU.ActiveCfg = Release|x86
		{D82AE168-F4ED-42B4-966B-2AB7F6940E0C}.SingleImage|Any CPU.Build.0 = Release|x86
		{D82AE168-F4ED-42B4-966B-2AB7F6940E0C}.SingleImage|x86.ActiveCfg = Release|x86
		{D82AE168-F4ED-42B4-966B-2AB7F6940E0C}.SingleImage|x86.Build.0 = Release|x86
		{7B25213C-E286-4AB0-B519-1C04435F4E27}.CD_ROM|Any CPU.ActiveCfg = CD_ROM
		{7B25213C-E286-4AB0-B519-1C04435F4E27}.CD_ROM|Any CPU.Build.0 = CD_ROM
		{7B25213C-E286-4AB0-B519-1C04435F4E27}.CD_ROM|x86.ActiveCfg = CD_ROM
		{7B25213C-E286-4AB0-B519-1C04435F4E27}.CD_ROM|x86.Build.0 = CD_ROM
		{7B25213C-E286-4AB0-B519-1C04435F4E27}.Debug|Any CPU.ActiveCfg = DVD-5
		{7B25213C-E286-4AB0-B519-1C04435F4E27}.Debug|Any CPU.Build.0 = DVD-5
		{7B25213C-E286-4AB0-B519-1C04435F4E27}.Debug|x86.ActiveCfg = DVD-5
		{7B25213C-E286-4AB0-B519-1C04435F4E27}.Debug|x86.Build.0 = DVD-5
		{7B25213C-E286-4AB0-B519-1C04435F4E27}.DVD-5|Any CPU.ActiveCfg = DVD-5
		{7B25213C-E286-4AB0-B519-1C04435F4E27}.DVD-5|Any CPU.Build.0 = DVD-5
		{7B25213C-E286-4AB0-B519-1C04435F4E27}.DVD-5|x86.ActiveCfg = DVD-5
		{7B25213C-E286-4AB0-B519-1C04435F4E27}.DVD-5|x86.Build.0 = DVD-5
		{7B25213C-E286-4AB0-B519-1C04435F4E27}.Release|Any CPU.ActiveCfg = SingleImage
		{7B25213C-E286-4AB0-B519-1C04435F4E27}.Release|Any CPU.Build.0 = SingleImage
		{7B25213C-E286-4AB0-B519-1C04435F4E27}.Release|x86.ActiveCfg = SingleImage
		{7B25213C-E286-4AB0-B519-1C04435F4E27}.Release|x86.Build.0 = SingleImage
		{7B25213C-E286-4AB0-B519-1C04435F4E27}.SingleImage|Any CPU.ActiveCfg = SingleImage
		{7B25213C-E286-4AB0-B519-1C04435F4E27}.SingleImage|Any CPU.Build.0 = SingleImage
		{7B25213C-E286-4AB0-B519-1C04435F4E27}.SingleImage|x86.ActiveCfg = SingleImage
		{7B25213C-E286-4AB0-B519-1C04435F4E27}.SingleImage|x86.Build.0 = SingleImage
		{8A4E61A8-F169-4ED2-B503-0A68BCF995AA}.CD_ROM|Any CPU.ActiveCfg = CD_ROM
		{8A4E61A8-F169-4ED2-B503-0A68BCF995AA}.CD_ROM|Any CPU.Build.0 = CD_ROM
		{8A4E61A8-F169-4ED2-B503-0A68BCF995AA}.CD_ROM|x86.ActiveCfg = CD_ROM
		{8A4E61A8-F169-4ED2-B503-0A68BCF995AA}.CD_ROM|x86.Build.0 = CD_ROM
		{8A4E61A8-F169-4ED2-B503-0A68BCF995AA}.Debug|Any CPU.ActiveCfg = DVD-5
		{8A4E61A8-F169-4ED2-B503-0A68BCF995AA}.Debug|Any CPU.Build.0 = DVD-5
		{8A4E61A8-F169-4ED2-B503-0A68BCF995AA}.Debug|x86.ActiveCfg = DVD-5
		{8A4E61A8-F169-4ED2-B503-0A68BCF995AA}.Debug|x86.Build.0 = DVD-5
		{8A4E61A8-F169-4ED2-B503-0A68BCF995AA}.DVD-5|Any CPU.ActiveCfg = DVD-5
		{8A4E61A8-F169-4ED2-B503-0A68BCF995AA}.DVD-5|Any CPU.Build.0 = DVD-5
		{8A4E61A8-F169-4ED2-B503-0A68BCF995AA}.DVD-5|x86.ActiveCfg = DVD-5
		{8A4E61A8-F169-4ED2-B503-0A68BCF995AA}.DVD-5|x86.Build.0 = DVD-5
		{8A4E61A8-F169-4ED2-B503-0A68BCF995AA}.Release|Any CPU.ActiveCfg = SingleImage
		{8A4E61A8-F169-4ED2-B503-0A68BCF995AA}.Release|Any CPU.Build.0 = SingleImage
		{8A4E61A8-F169-4ED2-B503-0A68BCF995AA}.Release|x86.ActiveCfg = SingleImage
		{8A4E61A8-F169-4ED2-B503-0A68BCF995AA}.Release|x86.Build.0 = SingleImage
		{8A4E61A8-F169-4ED2-B503-0A68BCF995AA}.SingleImage|Any CPU.ActiveCfg = SingleImage
		{8A4E61A8-F169-4ED2-B503-0A68BCF995AA}.SingleImage|Any CPU.Build.0 = SingleImage
		{8A4E61A8-F169-4ED2-B503-0A68BCF995AA}.SingleImage|x86.ActiveCfg = SingleImage
		{8A4E61A8-F169-4ED2-B503-0A68BCF995AA}.SingleImage|x86.Build.0 = SingleImage
	EndGlobalSection
	GlobalSection(SolutionProperties) = preSolution
		HideSolutionNode = FALSE
	EndGlobalSection
EndGlobal
